
Microsoft Visual Studio Solution File, Format Version 12.00
# Visual Studio 15
VisualStudioVersion = 15.0.27703.2035
MinimumVisualStudioVersion = 10.0.40219.1
Project("{FAE04EC0-301F-11D3-BF4B-00C04F79EFBC}") = "BaiTap.Android", "BaiTap\BaiTap.Android\BaiTap.Android.csproj", "{B828821F-6BCA-467E-8BD2-DFF1C941586B}"
EndProject
Project("{FAE04EC0-301F-11D3-BF4B-00C04F79EFBC}") = "BaiTap.iOS", "BaiTap\BaiTap.iOS\BaiTap.iOS.csproj", "{1FA19FC9-F88B-465A-AF5D-8B11C6D24887}"
EndProject
Project("{9A19103F-16F7-4668-BE54-9A1E7A4F7556}") = "BaiTap", "BaiTap\BaiTap\BaiTap.csproj", "{2E23B89E-6213-4D46-8D7F-5C8D708F4A4B}"
EndProject
Global
	GlobalSection(SolutionConfigurationPlatforms) = preSolution
		Ad-Hoc|Any CPU = Ad-Hoc|Any CPU
		Ad-Hoc|iPhone = Ad-Hoc|iPhone
		Ad-Hoc|iPhoneSimulator = Ad-Hoc|iPhoneSimulator
		AppStore|Any CPU = AppStore|Any CPU
		AppStore|iPhone = AppStore|iPhone
		AppStore|iPhoneSimulator = AppStore|iPhoneSimulator
		Debug|Any CPU = Debug|Any CPU
		Debug|iPhone = Debug|iPhone
		Debug|iPhoneSimulator = Debug|iPhoneSimulator
		Release|Any CPU = Release|Any CPU
		Release|iPhone = Release|iPhone
		Release|iPhoneSimulator = Release|iPhoneSimulator
	EndGlobalSection
	GlobalSection(ProjectConfigurationPlatforms) = postSolution
		{B828821F-6BCA-467E-8BD2-DFF1C941586B}.Ad-Hoc|Any CPU.ActiveCfg = Release|Any CPU
		{B828821F-6BCA-467E-8BD2-DFF1C941586B}.Ad-Hoc|Any CPU.Build.0 = Release|Any CPU
		{B828821F-6BCA-467E-8BD2-DFF1C941586B}.Ad-Hoc|Any CPU.Deploy.0 = Release|Any CPU
		{B828821F-6BCA-467E-8BD2-DFF1C941586B}.Ad-Hoc|iPhone.ActiveCfg = Release|Any CPU
		{B828821F-6BCA-467E-8BD2-DFF1C941586B}.Ad-Hoc|iPhone.Build.0 = Release|Any CPU
		{B828821F-6BCA-467E-8BD2-DFF1C941586B}.Ad-Hoc|iPhone.Deploy.0 = Release|Any CPU
		{B828821F-6BCA-467E-8BD2-DFF1C941586B}.Ad-Hoc|iPhoneSimulator.ActiveCfg = Release|Any CPU
		{B828821F-6BCA-467E-8BD2-DFF1C941586B}.Ad-Hoc|iPhoneSimulator.Build.0 = Release|Any CPU
		{B828821F-6BCA-467E-8BD2-DFF1C941586B}.Ad-Hoc|iPhoneSimulator.Deploy.0 = Release|Any CPU
		{B828821F-6BCA-467E-8BD2-DFF1C941586B}.AppStore|Any CPU.ActiveCfg = Release|Any CPU
		{B828821F-6BCA-467E-8BD2-DFF1C941586B}.AppStore|Any CPU.Build.0 = Release|Any CPU
		{B828821F-6BCA-467E-8BD2-DFF1C941586B}.AppStore|Any CPU.Deploy.0 = Release|Any CPU
		{B828821F-6BCA-467E-8BD2-DFF1C941586B}.AppStore|iPhone.ActiveCfg = Release|Any CPU
		{B828821F-6BCA-467E-8BD2-DFF1C941586B}.AppStore|iPhone.Build.0 = Release|Any CPU
		{B828821F-6BCA-467E-8BD2-DFF1C941586B}.AppStore|iPhone.Deploy.0 = Release|Any CPU
		{B828821F-6BCA-467E-8BD2-DFF1C941586B}.AppStore|iPhoneSimulator.ActiveCfg = Release|Any CPU
		{B828821F-6BCA-467E-8BD2-DFF1C941586B}.AppStore|iPhoneSimulator.Build.0 = Release|Any CPU
		{B828821F-6BCA-467E-8BD2-DFF1C941586B}.AppStore|iPhoneSimulator.Deploy.0 = Release|Any CPU
		{B828821F-6BCA-467E-8BD2-DFF1C941586B}.Debug|Any CPU.ActiveCfg = Debug|Any CPU
		{B828821F-6BCA-467E-8BD2-DFF1C941586B}.Debug|Any CPU.Build.0 = Debug|Any CPU
		{B828821F-6BCA-467E-8BD2-DFF1C941586B}.Debug|Any CPU.Deploy.0 = Debug|Any CPU
		{B828821F-6BCA-467E-8BD2-DFF1C941586B}.Debug|iPhone.ActiveCfg = Debug|Any CPU
		{B828821F-6BCA-467E-8BD2-DFF1C941586B}.Debug|iPhone.Build.0 = Debug|Any CPU
		{B828821F-6BCA-467E-8BD2-DFF1C941586B}.Debug|iPhone.Deploy.0 = Debug|Any CPU
		{B828821F-6BCA-467E-8BD2-DFF1C941586B}.Debug|iPhoneSimulator.ActiveCfg = Debug|Any CPU
		{B828821F-6BCA-467E-8BD2-DFF1C941586B}.Debug|iPhoneSimulator.Build.0 = Debug|Any CPU
		{B828821F-6BCA-467E-8BD2-DFF1C941586B}.Debug|iPhoneSimulator.Deploy.0 = Debug|Any CPU
		{B828821F-6BCA-467E-8BD2-DFF1C941586B}.Release|Any CPU.ActiveCfg = Release|Any CPU
		{B828821F-6BCA-467E-8BD2-DFF1C941586B}.Release|Any CPU.Build.0 = Release|Any CPU
		{B828821F-6BCA-467E-8BD2-DFF1C941586B}.Release|Any CPU.Deploy.0 = Release|Any CPU
		{B828821F-6BCA-467E-8BD2-DFF1C941586B}.Release|iPhone.ActiveCfg = Release|Any CPU
		{B828821F-6BCA-467E-8BD2-DFF1C941586B}.Release|iPhone.Build.0 = Release|Any CPU
		{B828821F-6BCA-467E-8BD2-DFF1C941586B}.Release|iPhone.Deploy.0 = Release|Any CPU
		{B828821F-6BCA-467E-8BD2-DFF1C941586B}.Release|iPhoneSimulator.ActiveCfg = Release|Any CPU
		{B828821F-6BCA-467E-8BD2-DFF1C941586B}.Release|iPhoneSimulator.Build.0 = Release|Any CPU
		{B828821F-6BCA-467E-8BD2-DFF1C941586B}.Release|iPhoneSimulator.Deploy.0 = Release|Any CPU
		{1FA19FC9-F88B-465A-AF5D-8B11C6D24887}.Ad-Hoc|Any CPU.ActiveCfg = Ad-Hoc|iPhone
		{1FA19FC9-F88B-465A-AF5D-8B11C6D24887}.Ad-Hoc|Any CPU.Build.0 = Ad-Hoc|iPhone
		{1FA19FC9-F88B-465A-AF5D-8B11C6D24887}.Ad-Hoc|Any CPU.Deploy.0 = Ad-Hoc|iPhone
		{1FA19FC9-F88B-465A-AF5D-8B11C6D24887}.Ad-Hoc|iPhone.ActiveCfg = Ad-Hoc|iPhone
		{1FA19FC9-F88B-465A-AF5D-8B11C6D24887}.Ad-Hoc|iPhone.Build.0 = Ad-Hoc|iPhone
		{1FA19FC9-F88B-465A-AF5D-8B11C6D24887}.Ad-Hoc|iPhone.Deploy.0 = Ad-Hoc|iPhone
		{1FA19FC9-F88B-465A-AF5D-8B11C6D24887}.Ad-Hoc|iPhoneSimulator.ActiveCfg = Ad-Hoc|iPhoneSimulator
		{1FA19FC9-F88B-465A-AF5D-8B11C6D24887}.Ad-Hoc|iPhoneSimulator.Build.0 = Ad-Hoc|iPhoneSimulator
		{1FA19FC9-F88B-465A-AF5D-8B11C6D24887}.Ad-Hoc|iPhoneSimulator.Deploy.0 = Ad-Hoc|iPhoneSimulator
		{1FA19FC9-F88B-465A-AF5D-8B11C6D24887}.AppStore|Any CPU.ActiveCfg = AppStore|iPhone
		{1FA19FC9-F88B-465A-AF5D-8B11C6D24887}.AppStore|Any CPU.Build.0 = AppStore|iPhone
		{1FA19FC9-F88B-465A-AF5D-8B11C6D24887}.AppStore|Any CPU.Deploy.0 = AppStore|iPhone
		{1FA19FC9-F88B-465A-AF5D-8B11C6D24887}.AppStore|iPhone.ActiveCfg = AppStore|iPhone
		{1FA19FC9-F88B-465A-AF5D-8B11C6D24887}.AppStore|iPhone.Build.0 = AppStore|iPhone
		{1FA19FC9-F88B-465A-AF5D-8B11C6D24887}.AppStore|iPhone.Deploy.0 = AppStore|iPhone
		{1FA19FC9-F88B-465A-AF5D-8B11C6D24887}.AppStore|iPhoneSimulator.ActiveCfg = AppStore|iPhoneSimulator
		{1FA19FC9-F88B-465A-AF5D-8B11C6D24887}.AppStore|iPhoneSimulator.Build.0 = AppStore|iPhoneSimulator
		{1FA19FC9-F88B-465A-AF5D-8B11C6D24887}.AppStore|iPhoneSimulator.Deploy.0 = AppStore|iPhoneSimulator
		{1FA19FC9-F88B-465A-AF5D-8B11C6D24887}.Debug|Any CPU.ActiveCfg = Debug|iPhoneSimulator
		{1FA19FC9-F88B-465A-AF5D-8B11C6D24887}.Debug|Any CPU.Build.0 = Debug|iPhoneSimulator
		{1FA19FC9-F88B-465A-AF5D-8B11C6D24887}.Debug|Any CPU.Deploy.0 = Debug|iPhoneSimulator
		{1FA19FC9-F88B-465A-AF5D-8B11C6D24887}.Debug|iPhone.ActiveCfg = Debug|iPhone
		{1FA19FC9-F88B-465A-AF5D-8B11C6D24887}.Debug|iPhone.Build.0 = Debug|iPhone
		{1FA19FC9-F88B-465A-AF5D-8B11C6D24887}.Debug|iPhone.Deploy.0 = Debug|iPhone
		{1FA19FC9-F88B-465A-AF5D-8B11C6D24887}.Debug|iPhoneSimulator.ActiveCfg = Debug|iPhoneSimulator
		{1FA19FC9-F88B-465A-AF5D-8B11C6D24887}.Debug|iPhoneSimulator.Build.0 = Debug|iPhoneSimulator
		{1FA19FC9-F88B-465A-AF5D-8B11C6D24887}.Debug|iPhoneSimulator.Deploy.0 = Debug|iPhoneSimulator
		{1FA19FC9-F88B-465A-AF5D-8B11C6D24887}.Release|Any CPU.ActiveCfg = Release|iPhone
		{1FA19FC9-F88B-465A-AF5D-8B11C6D24887}.Release|Any CPU.Build.0 = Release|iPhone
		{1FA19FC9-F88B-465A-AF5D-8B11C6D24887}.Release|Any CPU.Deploy.0 = Release|iPhone
		{1FA19FC9-F88B-465A-AF5D-8B11C6D24887}.Release|iPhone.ActiveCfg = Release|iPhone
		{1FA19FC9-F88B-465A-AF5D-8B11C6D24887}.Release|iPhone.Build.0 = Release|iPhone
		{1FA19FC9-F88B-465A-AF5D-8B11C6D24887}.Release|iPhone.Deploy.0 = Release|iPhone
		{1FA19FC9-F88B-465A-AF5D-8B11C6D24887}.Release|iPhoneSimulator.ActiveCfg = Release|iPhoneSimulator
		{1FA19FC9-F88B-465A-AF5D-8B11C6D24887}.Release|iPhoneSimulator.Build.0 = Release|iPhoneSimulator
		{1FA19FC9-F88B-465A-AF5D-8B11C6D24887}.Release|iPhoneSimulator.Deploy.0 = Release|iPhoneSimulator
		{2E23B89E-6213-4D46-8D7F-5C8D708F4A4B}.Ad-Hoc|Any CPU.ActiveCfg = Debug|Any CPU
		{2E23B89E-6213-4D46-8D7F-5C8D708F4A4B}.Ad-Hoc|Any CPU.Build.0 = Debug|Any CPU
		{2E23B89E-6213-4D46-8D7F-5C8D708F4A4B}.Ad-Hoc|Any CPU.Deploy.0 = Debug|Any CPU
		{2E23B89E-6213-4D46-8D7F-5C8D708F4A4B}.Ad-Hoc|iPhone.ActiveCfg = Debug|Any CPU
		{2E23B89E-6213-4D46-8D7F-5C8D708F4A4B}.Ad-Hoc|iPhone.Build.0 = Debug|Any CPU
		{2E23B89E-6213-4D46-8D7F-5C8D708F4A4B}.Ad-Hoc|iPhone.Deploy.0 = Debug|Any CPU
		{2E23B89E-6213-4D46-8D7F-5C8D708F4A4B}.Ad-Hoc|iPhoneSimulator.ActiveCfg = Debug|Any CPU
		{2E23B89E-6213-4D46-8D7F-5C8D708F4A4B}.Ad-Hoc|iPhoneSimulator.Build.0 = Debug|Any CPU
		{2E23B89E-6213-4D46-8D7F-5C8D708F4A4B}.Ad-Hoc|iPhoneSimulator.Deploy.0 = Debug|Any CPU
		{2E23B89E-6213-4D46-8D7F-5C8D708F4A4B}.AppStore|Any CPU.ActiveCfg = Debug|Any CPU
		{2E23B89E-6213-4D46-8D7F-5C8D708F4A4B}.AppStore|Any CPU.Build.0 = Debug|Any CPU
		{2E23B89E-6213-4D46-8D7F-5C8D708F4A4B}.AppStore|Any CPU.Deploy.0 = Debug|Any CPU
		{2E23B89E-6213-4D46-8D7F-5C8D708F4A4B}.AppStore|iPhone.ActiveCfg = Debug|Any CPU
		{2E23B89E-6213-4D46-8D7F-5C8D708F4A4B}.AppStore|iPhone.Build.0 = Debug|Any CPU
		{2E23B89E-6213-4D46-8D7F-5C8D708F4A4B}.AppStore|iPhone.Deploy.0 = Debug|Any CPU
		{2E23B89E-6213-4D46-8D7F-5C8D708F4A4B}.AppStore|iPhoneSimulator.ActiveCfg = Debug|Any CPU
		{2E23B89E-6213-4D46-8D7F-5C8D708F4A4B}.AppStore|iPhoneSimulator.Build.0 = Debug|Any CPU
		{2E23B89E-6213-4D46-8D7F-5C8D708F4A4B}.AppStore|iPhoneSimulator.Deploy.0 = Debug|Any CPU
		{2E23B89E-6213-4D46-8D7F-5C8D708F4A4B}.Debug|Any CPU.ActiveCfg = Debug|Any CPU
		{2E23B89E-6213-4D46-8D7F-5C8D708F4A4B}.Debug|Any CPU.Build.0 = Debug|Any CPU
		{2E23B89E-6213-4D46-8D7F-5C8D708F4A4B}.Debug|Any CPU.Deploy.0 = Debug|Any CPU
		{2E23B89E-6213-4D46-8D7F-5C8D708F4A4B}.Debug|iPhone.ActiveCfg = Debug|Any CPU
		{2E23B89E-6213-4D46-8D7F-5C8D708F4A4B}.Debug|iPhone.Build.0 = Debug|Any CPU
		{2E23B89E-6213-4D46-8D7F-5C8D708F4A4B}.Debug|iPhone.Deploy.0 = Debug|Any CPU
		{2E23B89E-6213-4D46-8D7F-5C8D708F4A4B}.Debug|iPhoneSimulator.ActiveCfg = Debug|Any CPU
		{2E23B89E-6213-4D46-8D7F-5C8D708F4A4B}.Debug|iPhoneSimulator.Build.0 = Debug|Any CPU
		{2E23B89E-6213-4D46-8D7F-5C8D708F4A4B}.Debug|iPhoneSimulator.Deploy.0 = Debug|Any CPU
		{2E23B89E-6213-4D46-8D7F-5C8D708F4A4B}.Release|Any CPU.ActiveCfg = Release|Any CPU
		{2E23B89E-6213-4D46-8D7F-5C8D708F4A4B}.Release|Any CPU.Build.0 = Release|Any CPU
		{2E23B89E-6213-4D46-8D7F-5C8D708F4A4B}.Release|Any CPU.Deploy.0 = Release|Any CPU
		{2E23B89E-6213-4D46-8D7F-5C8D708F4A4B}.Release|iPhone.ActiveCfg = Release|Any CPU
		{2E23B89E-6213-4D46-8D7F-5C8D708F4A4B}.Release|iPhone.Build.0 = Release|Any CPU
		{2E23B89E-6213-4D46-8D7F-5C8D708F4A4B}.Release|iPhone.Deploy.0 = Release|Any CPU
		{2E23B89E-6213-4D46-8D7F-5C8D708F4A4B}.Release|iPhoneSimulator.ActiveCfg = Release|Any CPU
		{2E23B89E-6213-4D46-8D7F-5C8D708F4A4B}.Release|iPhoneSimulator.Build.0 = Release|Any CPU
		{2E23B89E-6213-4D46-8D7F-5C8D708F4A4B}.Release|iPhoneSimulator.Deploy.0 = Release|Any CPU
	EndGlobalSection
	GlobalSection(SolutionProperties) = preSolution
		HideSolutionNode = FALSE
	EndGlobalSection
	GlobalSection(ExtensibilityGlobals) = postSolution
		SolutionGuid = {E8A40D1A-4FA7-49BA-95A4-CDC7E711A9D1}
	EndGlobalSection
EndGlobal
